
Microsoft Visual Studio Solution File, Format Version 12.00
# Visual Studio Version 17
VisualStudioVersion = 17.1.32319.34
MinimumVisualStudioVersion = 10.0.40219.1
Project("{FAE04EC0-301F-11D3-BF4B-00C04F79EFBC}") = "MobileApp.Android", "MobileApp\MobileApp.Android\MobileApp.Android.csproj", "{72DF3BC9-951E-4D0B-A05D-408BF7297FF1}"
EndProject
Project("{FAE04EC0-301F-11D3-BF4B-00C04F79EFBC}") = "MobileApp", "MobileApp\MobileApp\MobileApp.csproj", "{C85B667D-F1AC-4B6D-A1B0-76010CD0CA37}"
EndProject
Global
	GlobalSection(SolutionConfigurationPlatforms) = preSolution
		Debug|Any CPU = Debug|Any CPU
		Release|Any CPU = Release|Any CPU
	EndGlobalSection
	GlobalSection(ProjectConfigurationPlatforms) = postSolution
		{72DF3BC9-951E-4D0B-A05D-408BF7297FF1}.Debug|Any CPU.ActiveCfg = Debug|Any CPU
		{72DF3BC9-951E-4D0B-A05D-408BF7297FF1}.Debug|Any CPU.Build.0 = Debug|Any CPU
		{72DF3BC9-951E-4D0B-A05D-408BF7297FF1}.Debug|Any CPU.Deploy.0 = Debug|Any CPU
		{72DF3BC9-951E-4D0B-A05D-408BF7297FF1}.Release|Any CPU.ActiveCfg = Release|Any CPU
		{72DF3BC9-951E-4D0B-A05D-408BF7297FF1}.Release|Any CPU.Build.0 = Release|Any CPU
		{72DF3BC9-951E-4D0B-A05D-408BF7297FF1}.Release|Any CPU.Deploy.0 = Release|Any CPU
		{C85B667D-F1AC-4B6D-A1B0-76010CD0CA37}.Debug|Any CPU.ActiveCfg = Debug|Any CPU
		{C85B667D-F1AC-4B6D-A1B0-76010CD0CA37}.Debug|Any CPU.Build.0 = Debug|Any CPU
		{C85B667D-F1AC-4B6D-A1B0-76010CD0CA37}.Debug|Any CPU.Deploy.0 = Debug|Any CPU
		{C85B667D-F1AC-4B6D-A1B0-76010CD0CA37}.Release|Any CPU.ActiveCfg = Release|Any CPU
		{C85B667D-F1AC-4B6D-A1B0-76010CD0CA37}.Release|Any CPU.Build.0 = Release|Any CPU
		{C85B667D-F1AC-4B6D-A1B0-76010CD0CA37}.Release|Any CPU.Deploy.0 = Release|Any CPU
	EndGlobalSection
	GlobalSection(SolutionProperties) = preSolution
		HideSolutionNode = FALSE
	EndGlobalSection
	GlobalSection(ExtensibilityGlobals) = postSolution
		SolutionGuid = {D2BA361C-E5DD-4540-B2FD-8263E6E1FF67}
	EndGlobalSection
EndGlobal
