
Microsoft Visual Studio Solution File, Format Version 12.00
# Visual Studio Version 17
VisualStudioVersion = 17.6.33712.159
MinimumVisualStudioVersion = 10.0.40219.1
Project("{FAE04EC0-301F-11D3-BF4B-00C04F79EFBC}") = "NumberSortService", "NumberSortService\NumberSortService.csproj", "{FA0B0EE1-E309-4C07-B1C6-D17F880A6386}"
EndProject
Project("{FAE04EC0-301F-11D3-BF4B-00C04F79EFBC}") = "NumberSortServiceApp", "NumberSortServiceApp\NumberSortServiceApp.csproj", "{908D33EB-6228-4B2D-83E6-29F991DB58ED}"
	ProjectSection(ProjectDependencies) = postProject
		{FA0B0EE1-E309-4C07-B1C6-D17F880A6386} = {FA0B0EE1-E309-4C07-B1C6-D17F880A6386}
	EndProjectSection
EndProject
Global
	GlobalSection(SolutionConfigurationPlatforms) = preSolution
		Debug|Any CPU = Debug|Any CPU
		Release|Any CPU = Release|Any CPU
	EndGlobalSection
	GlobalSection(ProjectConfigurationPlatforms) = postSolution
		{FA0B0EE1-E309-4C07-B1C6-D17F880A6386}.Debug|Any CPU.ActiveCfg = Debug|Any CPU
		{FA0B0EE1-E309-4C07-B1C6-D17F880A6386}.Debug|Any CPU.Build.0 = Debug|Any CPU
		{FA0B0EE1-E309-4C07-B1C6-D17F880A6386}.Release|Any CPU.ActiveCfg = Release|Any CPU
		{FA0B0EE1-E309-4C07-B1C6-D17F880A6386}.Release|Any CPU.Build.0 = Release|Any CPU
		{908D33EB-6228-4B2D-83E6-29F991DB58ED}.Debug|Any CPU.ActiveCfg = Debug|Any CPU
		{908D33EB-6228-4B2D-83E6-29F991DB58ED}.Debug|Any CPU.Build.0 = Debug|Any CPU
		{908D33EB-6228-4B2D-83E6-29F991DB58ED}.Release|Any CPU.ActiveCfg = Release|Any CPU
		{908D33EB-6228-4B2D-83E6-29F991DB58ED}.Release|Any CPU.Build.0 = Release|Any CPU
	EndGlobalSection
	GlobalSection(SolutionProperties) = preSolution
		HideSolutionNode = FALSE
	EndGlobalSection
	GlobalSection(ExtensibilityGlobals) = postSolution
		SolutionGuid = {104650B6-2D24-4267-BF56-F2F7D83C5453}
	EndGlobalSection
EndGlobal
