
Microsoft Visual Studio Solution File, Format Version 12.00
# Visual Studio Version 17
VisualStudioVersion = 17.6.33717.318
MinimumVisualStudioVersion = 10.0.40219.1
Project("{FAE04EC0-301F-11D3-BF4B-00C04F79EFBC}") = "BrandonAntillonsBrowser", "BrandonAntillonsBrowser\BrandonAntillonsBrowser\BrandonAntillonsBrowser.csproj", "{51FD0645-B00D-4954-B2DE-327121E045B2}"
	ProjectSection(ProjectDependencies) = postProject
		{C44D57F8-A760-4001-BEA9-7A84A616A6A7} = {C44D57F8-A760-4001-BEA9-7A84A616A6A7}
		{FA0B0EE1-E309-4C07-B1C6-D17F880A6386} = {FA0B0EE1-E309-4C07-B1C6-D17F880A6386}
	EndProjectSection
EndProject
Project("{FAE04EC0-301F-11D3-BF4B-00C04F79EFBC}") = "NumberSortService", "NumberSortServiceAndApp\NumberSortService\NumberSortService.csproj", "{FA0B0EE1-E309-4C07-B1C6-D17F880A6386}"
EndProject
Project("{FAE04EC0-301F-11D3-BF4B-00C04F79EFBC}") = "NumberSortServiceApp", "NumberSortServiceAndApp\NumberSortServiceApp\NumberSortServiceApp.csproj", "{908D33EB-6228-4B2D-83E6-29F991DB58ED}"
EndProject
Project("{FAE04EC0-301F-11D3-BF4B-00C04F79EFBC}") = "TemperatureService", "TemperatureServiceAndApp\TemperatureService\TemperatureService.csproj", "{C44D57F8-A760-4001-BEA9-7A84A616A6A7}"
EndProject
Project("{FAE04EC0-301F-11D3-BF4B-00C04F79EFBC}") = "TemperatureServiceApp", "TemperatureServiceAndApp\TemperatureServiceApp\TemperatureServiceApp.csproj", "{7EED611E-3C60-423C-B223-C72C62B17A3F}"
EndProject
Global
	GlobalSection(SolutionConfigurationPlatforms) = preSolution
		Debug|Any CPU = Debug|Any CPU
		Release|Any CPU = Release|Any CPU
	EndGlobalSection
	GlobalSection(ProjectConfigurationPlatforms) = postSolution
		{51FD0645-B00D-4954-B2DE-327121E045B2}.Debug|Any CPU.ActiveCfg = Debug|Any CPU
		{51FD0645-B00D-4954-B2DE-327121E045B2}.Debug|Any CPU.Build.0 = Debug|Any CPU
		{51FD0645-B00D-4954-B2DE-327121E045B2}.Release|Any CPU.ActiveCfg = Release|Any CPU
		{51FD0645-B00D-4954-B2DE-327121E045B2}.Release|Any CPU.Build.0 = Release|Any CPU
		{FA0B0EE1-E309-4C07-B1C6-D17F880A6386}.Debug|Any CPU.ActiveCfg = Debug|Any CPU
		{FA0B0EE1-E309-4C07-B1C6-D17F880A6386}.Debug|Any CPU.Build.0 = Debug|Any CPU
		{FA0B0EE1-E309-4C07-B1C6-D17F880A6386}.Release|Any CPU.ActiveCfg = Release|Any CPU
		{FA0B0EE1-E309-4C07-B1C6-D17F880A6386}.Release|Any CPU.Build.0 = Release|Any CPU
		{908D33EB-6228-4B2D-83E6-29F991DB58ED}.Debug|Any CPU.ActiveCfg = Debug|Any CPU
		{908D33EB-6228-4B2D-83E6-29F991DB58ED}.Debug|Any CPU.Build.0 = Debug|Any CPU
		{908D33EB-6228-4B2D-83E6-29F991DB58ED}.Release|Any CPU.ActiveCfg = Release|Any CPU
		{908D33EB-6228-4B2D-83E6-29F991DB58ED}.Release|Any CPU.Build.0 = Release|Any CPU
		{C44D57F8-A760-4001-BEA9-7A84A616A6A7}.Debug|Any CPU.ActiveCfg = Debug|Any CPU
		{C44D57F8-A760-4001-BEA9-7A84A616A6A7}.Debug|Any CPU.Build.0 = Debug|Any CPU
		{C44D57F8-A760-4001-BEA9-7A84A616A6A7}.Release|Any CPU.ActiveCfg = Release|Any CPU
		{C44D57F8-A760-4001-BEA9-7A84A616A6A7}.Release|Any CPU.Build.0 = Release|Any CPU
		{7EED611E-3C60-423C-B223-C72C62B17A3F}.Debug|Any CPU.ActiveCfg = Debug|Any CPU
		{7EED611E-3C60-423C-B223-C72C62B17A3F}.Debug|Any CPU.Build.0 = Debug|Any CPU
		{7EED611E-3C60-423C-B223-C72C62B17A3F}.Release|Any CPU.ActiveCfg = Release|Any CPU
		{7EED611E-3C60-423C-B223-C72C62B17A3F}.Release|Any CPU.Build.0 = Release|Any CPU
	EndGlobalSection
	GlobalSection(SolutionProperties) = preSolution
		HideSolutionNode = FALSE
	EndGlobalSection
	GlobalSection(ExtensibilityGlobals) = postSolution
		SolutionGuid = {20DB4AE7-F5AE-45F3-A6A6-03FD22092B0D}
	EndGlobalSection
EndGlobal
